Microsoft Visual Studio Solution File, Format Version 12.00
# Visual Studio Version 17
VisualStudioVersion = 17.5.2.0
MinimumVisualStudioVersion = 10.0.40219.1
Project("{FAE04EC0-301F-11D3-BF4B-00C04F79EFBC}") = "SistemaSenhas", "SistemaSenhas\SistemaSenhas.csproj", "{BCC286C3-54A2-6CC4-D17F-1C23C2F2D373}"
EndProject
Global
	GlobalSection(SolutionConfigurationPlatforms) = preSolution
		Debug|Any CPU = Debug|Any CPU
		Release|Any CPU = Release|Any CPU
	EndGlobalSection
	GlobalSection(ProjectConfigurationPlatforms) = postSolution
		{BCC286C3-54A2-6CC4-D17F-1C23C2F2D373}.Debug|Any CPU.ActiveCfg = Debug|Any CPU
		{BCC286C3-54A2-6CC4-D17F-1C23C2F2D373}.Debug|Any CPU.Build.0 = Debug|Any CPU
		{BCC286C3-54A2-6CC4-D17F-1C23C2F2D373}.Release|Any CPU.ActiveCfg = Release|Any CPU
		{BCC286C3-54A2-6CC4-D17F-1C23C2F2D373}.Release|Any CPU.Build.0 = Release|Any CPU
	EndGlobalSection
	GlobalSection(SolutionProperties) = preSolution
		HideSolutionNode = FALSE
	EndGlobalSection
	GlobalSection(ExtensibilityGlobals) = postSolution
		SolutionGuid = {091B7BF1-5157-4FCA-A186-B6ACEC585F56}
	EndGlobalSection
EndGlobal
